// !$*UTF8*$!
{
	archiveVersion = 1;
	classes = {
	};
	objectVersion = 46;
	objects = {

/* Begin PBXBuildFile section */
		F55BFBF41F70B63B00F6E51F /* AppDelegate.swift in Sources */ = {isa = PBXBuildFile; fileRef = F55BFBF31F70B63B00F6E51F /* AppDelegate.swift */; };
		F55BFBF61F70B63B00F6E51F /* ViewController.swift in Sources */ = {isa = PBXBuildFile; fileRef = F55BFBF51F70B63B00F6E51F /* ViewController.swift */; };
		F55BFBF91F70B63B00F6E51F /* Main.storyboard in Resources */ = {isa = PBXBuildFile; fileRef = F55BFBF71F70B63B00F6E51F /* Main.storyboard */; };
		F55BFBFB1F70B63B00F6E51F /* Assets.xcassets in Resources */ = {isa = PBXBuildFile; fileRef = F55BFBFA1F70B63B00F6E51F /* Assets.xcassets */; };
		F55BFBFE1F70B63B00F6E51F /* LaunchScreen.storyboard in Resources */ = {isa = PBXBuildFile; fileRef = F55BFBFC1F70B63B00F6E51F /* LaunchScreen.storyboard */; };
/* End PBXBuildFile section */

/* Begin PBXFileReference section */
		F55BFBF01F70B63B00F6E51F /* 01_Map_Pin_Plist.app */ = {isa = PBXFileReference; explicitFileType = wrapper.application; includeInIndex = 0; path = 01_Map_Pin_Plist.app; sourceTree = BUILT_PRODUCTS_DIR; };
		F55BFBF31F70B63B00F6E51F /* AppDelegate.swift */ = {isa = PBXFileReference; lastKnownFileType = sourcecode.swift; path = AppDelegate.swift; sourceTree = "<group>"; };
		F55BFBF51F70B63B00F6E51F /* ViewController.swift */ = {isa = PBXFileReference; lastKnownFileType = sourcecode.swift; path = ViewController.swift; sourceTree = "<group>"; };
		F55BFBF81F70B63B00F6E51F /* Base */ = {isa = PBXFileReference; lastKnownFileType = file.storyboard; name = Base; path = Base.lproj/Main.storyboard; sourceTree = "<group>"; };
		F55BFBFA1F70B63B00F6E51F /* Assets.xcassets */ = {isa = PBXFileReference; lastKnownFileType = folder.assetcatalog; path = Assets.xcassets; sourceTree = "<group>"; };
		F55BFBFD1F70B63B00F6E51F /* Base */ = {isa = PBXFileReference; lastKnownFileType = file.storyboard; name = Base; path = Base.lproj/LaunchScreen.storyboard; sourceTree = "<group>"; };
		F55BFBFF1F70B63B00F6E51F /* Info.plist */ = {isa = PBXFileReference; lastKnownFileType = text.plist.xml; path = Info.plist; sourceTree = "<group>"; };
/* End PBXFileReference section */

/* Begin PBXFrameworksBuildPhase section */
		F55BFBED1F70B63B00F6E51F /* Frameworks */ = {
			isa = PBXFrameworksBuildPhase;
			buildActionMask = 2147483647;
			files = (
			);
			runOnlyForDeploymentPostprocessing = 0;
		};
/* End PBXFrameworksBuildPhase section */

/* Begin PBXGroup section */
		F55BFBE71F70B63B00F6E51F = {
			isa = PBXGroup;
			children = (
				F55BFBF21F70B63B00F6E51F /* 01_Map_Pin_Plist */,
				F55BFBF11F70B63B00F6E51F /* Products */,
			);
			sourceTree = "<group>";
		};
		F55BFBF11F70B63B00F6E51F /* Products */ = {
			isa = PBXGroup;
			children = (
				F55BFBF01F70B63B00F6E51F /* 01_Map_Pin_Plist.app */,
			);
			name = Products;
			sourceTree = "<group>";
		};
		F55BFBF21F70B63B00F6E51F /* 01_Map_Pin_Plist */ = {
			isa = PBXGroup;
			children = (
				F55BFBF31F70B63B00F6E51F /* AppDelegate.swift */,
				F55BFBF51F70B63B00F6E51F /* ViewController.swift */,
				F55BFBF71F70B63B00F6E51F /* Main.storyboard */,
				F55BFBFA1F70B63B00F6E51F /* Assets.xcassets */,
				F55BFBFC1F70B63B00F6E51F /* LaunchScreen.storyboard */,
				F55BFBFF1F70B63B00F6E51F /* Info.plist */,
			);
			path = 01_Map_Pin_Plist;
			sourceTree = "<group>";
		};
/* End PBXGroup section */

/* Begin PBXNativeTarget section */
		F55BFBEF1F70B63B00F6E51F /* 01_Map_Pin_Plist */ = {
			isa = PBXNativeTarget;
			buildConfigurationList = F55BFC021F70B63B00F6E51F /* Build configuration list for PBXNativeTarget "01_Map_Pin_Plist" */;
			buildPhases = (
				F55BFBEC1F70B63B00F6E51F /* Sources */,
				F55BFBED1F70B63B00F6E51F /* Frameworks */,
				F55BFBEE1F70B63B00F6E51F /* Resources */,
			);
			buildRules = (
			);
			dependencies = (
			);
			name = 01_Map_Pin_Plist;
			productName = 01_Map_Pin_Plist;
			productReference = F55BFBF01F70B63B00F6E51F /* 01_Map_Pin_Plist.app */;
			productType = "com.apple.product-type.application";
		};
/* End PBXNativeTarget section */

/* Begin PBXProject section */
		F55BFBE81F70B63B00F6E51F /* Project object */ = {
			isa = PBXProject;
			attributes = {
				LastSwiftUpdateCheck = 0820;
				LastUpgradeCheck = 0820;
				ORGANIZATIONNAME = D7703_27;
				TargetAttributes = {
					F55BFBEF1F70B63B00F6E51F = {
						CreatedOnToolsVersion = 8.2.1;
						ProvisioningStyle = Automatic;
					};
				};
			};
			buildConfigurationList = F55BFBEB1F70B63B00F6E51F /* Build configuration list for PBXProject "01_Map_Pin_Plist" */;
			compatibilityVersion = "Xcode 3.2";
			developmentRegion = English;
			hasScannedForEncodings = 0;
			knownRegions = (
				en,
				Base,
			);
			mainGroup = F55BFBE71F70B63B00F6E51F;
			productRefGroup = F55BFBF11F70B63B00F6E51F /* Products */;
			projectDirPath = "";
			projectRoot = "";
			targets = (
				F55BFBEF1F70B63B00F6E51F /* 01_Map_Pin_Plist */,
			);
		};
/* End PBXProject section */

/* Begin PBXResourcesBuildPhase section */
		F55BFBEE1F70B63B00F6E51F /* Resources */ = {
			isa = PBXResourcesBuildPhase;
			buildActionMask = 2147483647;
			files = (
				F55BFBFE1F70B63B00F6E51F /* LaunchScreen.storyboard in Resources */,
				F55BFBFB1F70B63B00F6E51F /* Assets.xcassets in Resources */,
				F55BFBF91F70B63B00F6E51F /* Main.storyboard in Resources */,
			);
			runOnlyForDeploymentPostprocessing = 0;
		};
/* End PBXResourcesBuildPhase section */

/* Begin PBXSourcesBuildPhase section */
		F55BFBEC1F70B63B00F6E51F /* Sources */ = {
			isa = PBXSourcesBuildPhase;
			buildActionMask = 2147483647;
			files = (
				F55BFBF61F70B63B00F6E51F /* ViewController.swift in Sources */,
				F55BFBF41F70B63B00F6E51F /* AppDelegate.swift in Sources */,
			);
			runOnlyForDeploymentPostprocessing = 0;
		};
/* End PBXSourcesBuildPhase section */

/* Begin PBXVariantGroup section */
		F55BFBF71F70B63B00F6E51F /* Main.storyboard */ = {
			isa = PBXVariantGroup;
			children = (
				F55BFBF81F70B63B00F6E51F /* Base */,
			);
			name = Main.storyboard;
			sourceTree = "<group>";
		};
		F55BFBFC1F70B63B00F6E51F /* LaunchScreen.storyboard */ = {
			isa = PBXVariantGroup;
			children = (
				F55BFBFD1F70B63B00F6E51F /* Base */,
			);
			name = LaunchScreen.storyboard;
			sourceTree = "<group>";
		};
/* End PBXVariantGroup section */

/* Begin XCBuildConfiguration section */
		F55BFC001F70B63B00F6E51F /* Debug */ = {
			isa = XCBuildConfiguration;
			buildSettings = {
				ALWAYS_SEARCH_USER_PATHS = NO;
				CLANG_ANALYZER_NONNULL = YES;
				CLANG_CXX_LANGUAGE_STANDARD = "gnu++0x";
				CLANG_CXX_LIBRARY = "libc++";
				CLANG_ENABLE_MODULES = YES;
				CLANG_ENABLE_OBJC_ARC = YES;
				CLANG_WARN_BOOL_CONVERSION = YES;
				CLANG_WARN_CONSTANT_CONVERSION = YES;
				CLANG_WARN_DIRECT_OBJC_ISA_USAGE = YES_ERROR;
				CLANG_WARN_DOCUMENTATION_COMMENTS = YES;
				CLANG_WARN_EMPTY_BODY = YES;
				CLANG_WARN_ENUM_CONVERSION = YES;
				CLANG_WARN_INFINITE_RECURSION = YES;
				CLANG_WARN_INT_CONVERSION = YES;
				CLANG_WARN_OBJC_ROOT_CLASS = YES_ERROR;
				CLANG_WARN_SUSPICIOUS_MOVE = YES;
				CLANG_WARN_UNREACHABLE_CODE = YES;
				CLANG_WARN__DUPLICATE_METHOD_MATCH = YES;
				"CODE_SIGN_IDENTITY[sdk=iphoneos*]" = "iPhone Developer";
				COPY_PHASE_STRIP = NO;
				DEBUG_INFORMATION_FORMAT = dwarf;
				ENABLE_STRICT_OBJC_MSGSEND = YES;
				ENABLE_TESTABILITY = YES;
				GCC_C_LANGUAGE_STANDARD = gnu99;
				GCC_DYNAMIC_NO_PIC = NO;
				GCC_NO_COMMON_BLOCKS = YES;
				GCC_OPTIMIZATION_LEVEL = 0;
				GCC_PREPROCESSOR_DEFINITIONS = (
					"DEBUG=1",
					"$(inherited)",
				);
				GCC_WARN_64_TO_32_BIT_CONVERSION = YES;
				GCC_WARN_ABOUT_RETURN_TYPE = YES_ERROR;
				GCC_WARN_UNDECLARED_SELECTOR = YES;
				GCC_WARN_UNINITIALIZED_AUTOS = YES_AGGRESSIVE;
				GCC_WARN_UNUSED_FUNCTION = YES;
				GCC_WARN_UNUSED_VARIABLE = YES;
				IPHONEOS_DEPLOYMENT_TARGET = 10.2;
				MTL_ENABLE_DEBUG_INFO = YES;
				ONLY_ACTIVE_ARCH = YES;
				SDKROOT = iphoneos;
				SWIFT_ACTIVE_COMPILATION_CONDITIONS = DEBUG;
				SWIFT_OPTIMIZATION_LEVEL = "-Onone";
			};
			name = Debug;
		};
		F55BFC011F70B63B00F6E51F /* Release */ = {
			isa = XCBuildConfiguration;
			buildSettings = {
				ALWAYS_SEARCH_USER_PATHS = NO;
				CLANG_ANALYZER_NONNULL = YES;
				CLANG_CXX_LANGUAGE_STANDARD = "gnu++0x";
				CLANG_CXX_LIBRARY = "libc++";
				CLANG_ENABLE_MODULES = YES;
				CLANG_ENABLE_OBJC_ARC = YES;
				CLANG_WARN_BOOL_CONVERSION = YES;
				CLANG_WARN_CONSTANT_CONVERSION = YES;
				CLANG_WARN_DIRECT_OBJC_ISA_USAGE = YES_ERROR;
				CLANG_WARN_DOCUMENTATION_COMMENTS = YES;
				CLANG_WARN_EMPTY_BODY = YES;
				CLANG_WARN_ENUM_CONVERSION = YES;
				CLANG_WARN_INFINITE_RECURSION = YES;
				CLANG_WARN_INT_CONVERSION = YES;
				CLANG_WARN_OBJC_ROOT_CLASS = YES_ERROR;
				CLANG_WARN_SUSPICIOUS_MOVE = YES;
				CLANG_WARN_UNREACHABLE_CODE = YES;
				CLANG_WARN__DUPLICATE_METHOD_MATCH = YES;
				"CODE_SIGN_IDENTITY[sdk=iphoneos*]" = "iPhone Developer";
				COPY_PHASE_STRIP = NO;
				DEBUG_INFORMATION_FORMAT = "dwarf-with-dsym";
				ENABLE_NS_ASSERTIONS = NO;
				ENABLE_STRICT_OBJC_MSGSEND = YES;
				GCC_C_LANGUAGE_STANDARD = gnu99;
				GCC_NO_COMMON_BLOCKS = YES;
				GCC_WARN_64_TO_32_BIT_CONVERSION = YES;
				GCC_WARN_ABOUT_RETURN_TYPE = YES_ERROR;
				GCC_WARN_UNDECLARED_SELECTOR = YES;
				GCC_WARN_UNINITIALIZED_AUTOS = YES_AGGRESSIVE;
				GCC_WARN_UNUSED_FUNCTION = YES;
				GCC_WARN_UNUSED_VARIABLE = YES;
				IPHONEOS_DEPLOYMENT_TARGET = 10.2;
				MTL_ENABLE_DEBUG_INFO = NO;
				SDKROOT = iphoneos;
				SWIFT_OPTIMIZATION_LEVEL = "-Owholemodule";
				VALIDATE_PRODUCT = YES;
			};
			name = Release;
		};
		F55BFC031F70B63B00F6E51F /* Debug */ = {
			isa = XCBuildConfiguration;
			buildSettings = {
				ASSETCATALOG_COMPILER_APPICON_NAME = AppIcon;
				INFOPLIST_FILE = 01_Map_Pin_Plist/Info.plist;
				LD_RUNPATH_SEARCH_PATHS = "$(inherited) @executable_path/Frameworks";
				PRODUCT_BUNDLE_IDENTIFIER = "-01621246.-1-Map-Pin-Plist";
				PRODUCT_NAME = "$(TARGET_NAME)";
				SWIFT_VERSION = 3.0;
			};
			name = Debug;
		};
		F55BFC041F70B63B00F6E51F /* Release */ = {
			isa = XCBuildConfiguration;
			buildSettings = {
				ASSETCATALOG_COMPILER_APPICON_NAME = AppIcon;
				INFOPLIST_FILE = 01_Map_Pin_Plist/Info.plist;
				LD_RUNPATH_SEARCH_PATHS = "$(inherited) @executable_path/Frameworks";
				PRODUCT_BUNDLE_IDENTIFIER = "-01621246.-1-Map-Pin-Plist";
				PRODUCT_NAME = "$(TARGET_NAME)";
				SWIFT_VERSION = 3.0;
			};
			name = Release;
		};
/* End XCBuildConfiguration section */

/* Begin XCConfigurationList section */
		F55BFBEB1F70B63B00F6E51F /* Build configuration list for PBXProject "01_Map_Pin_Plist" */ = {
			isa = XCConfigurationList;
			buildConfigurations = (
				F55BFC001F70B63B00F6E51F /* Debug */,
				F55BFC011F70B63B00F6E51F /* Release */,
			);
			defaultConfigurationIsVisible = 0;
			defaultConfigurationName = Release;
		};
		F55BFC021F70B63B00F6E51F /* Build configuration list for PBXNativeTarget "01_Map_Pin_Plist" */ = {
			isa = XCConfigurationList;
			buildConfigurations = (
				F55BFC031F70B63B00F6E51F /* Debug */,
				F55BFC041F70B63B00F6E51F /* Release */,
			);
			defaultConfigurationIsVisible = 0;
		};
/* End XCConfigurationList section */
	};
	rootObject = F55BFBE81F70B63B00F6E51F /* Project object */;
}
